
Microsoft Visual Studio Solution File, Format Version 12.00
# Visual Studio Version 16
VisualStudioVersion = 16.0.31105.61
MinimumVisualStudioVersion = 10.0.40219.1
Project("{FAE04EC0-301F-11D3-BF4B-00C04F79EFBC}") = "ItCompanySimulator", "ItCompanySimulator\ItCompanySimulator.csproj", "{FFFAB04E-D406-4817-8EF5-37C97BBA8F84}"
EndProject
Project("{2150E333-8FDC-42A3-9474-1A3956D46DE8}") = "Solution Items", "Solution Items", "{F6273B9E-DB08-4D5E-8CFC-EB81E45DD136}"
	ProjectSection(SolutionItems) = preProject
		Company.cs = Company.cs
	EndProjectSection
EndProject
Project("{FAE04EC0-301F-11D3-BF4B-00C04F79EFBC}") = "CompanyLib", "CompanyLib\CompanyLib.csproj", "{C96FB07E-81BE-429A-BA0C-7D7A0FEDF1D6}"
EndProject
Global
	GlobalSection(SolutionConfigurationPlatforms) = preSolution
		Debug|Any CPU = Debug|Any CPU
		Release|Any CPU = Release|Any CPU
	EndGlobalSection
	GlobalSection(ProjectConfigurationPlatforms) = postSolution
		{FFFAB04E-D406-4817-8EF5-37C97BBA8F84}.Debug|Any CPU.ActiveCfg = Debug|Any CPU
		{FFFAB04E-D406-4817-8EF5-37C97BBA8F84}.Debug|Any CPU.Build.0 = Debug|Any CPU
		{FFFAB04E-D406-4817-8EF5-37C97BBA8F84}.Release|Any CPU.ActiveCfg = Release|Any CPU
		{FFFAB04E-D406-4817-8EF5-37C97BBA8F84}.Release|Any CPU.Build.0 = Release|Any CPU
		{C96FB07E-81BE-429A-BA0C-7D7A0FEDF1D6}.Debug|Any CPU.ActiveCfg = Debug|Any CPU
		{C96FB07E-81BE-429A-BA0C-7D7A0FEDF1D6}.Debug|Any CPU.Build.0 = Debug|Any CPU
		{C96FB07E-81BE-429A-BA0C-7D7A0FEDF1D6}.Release|Any CPU.ActiveCfg = Release|Any CPU
		{C96FB07E-81BE-429A-BA0C-7D7A0FEDF1D6}.Release|Any CPU.Build.0 = Release|Any CPU
	EndGlobalSection
	GlobalSection(SolutionProperties) = preSolution
		HideSolutionNode = FALSE
	EndGlobalSection
	GlobalSection(ExtensibilityGlobals) = postSolution
		SolutionGuid = {92FF2616-33C7-4EBB-8629-B92EF3ACBABD}
	EndGlobalSection
EndGlobal
